
Microsoft Visual Studio Solution File, Format Version 12.00
# Visual Studio Version 17
VisualStudioVersion = 17.0.31912.275
MinimumVisualStudioVersion = 10.0.40219.1
Project("{9A19103F-16F7-4668-BE54-9A1E7A4F7556}") = "AstroLab", "AstroLab\AstroLab.csproj", "{1AA82DAD-958B-4425-A4CF-F399E5028DD9}"
EndProject
Project("{2150E333-8FDC-42A3-9474-1A3956D46DE8}") = "Solution Items", "Solution Items", "{92683F61-4005-4830-BC05-07479DC0BE64}"
	ProjectSection(SolutionItems) = preProject
		.editorconfig = .editorconfig
	EndProjectSection
EndProject
Project("{C7167F0D-BC9F-4E6E-AFE1-012C56B48DB5}") = "AstroLab.UWP", "AstroLab.UWP\AstroLab.UWP.wapproj", "{06288B8F-3526-4A91-9756-E3143DF9128A}"
EndProject
Global
	GlobalSection(SolutionConfigurationPlatforms) = preSolution
		Debug|Any CPU = Debug|Any CPU
		Debug|ARM = Debug|ARM
		Debug|ARM64 = Debug|ARM64
		Debug|x64 = Debug|x64
		Debug|x86 = Debug|x86
		Release|Any CPU = Release|Any CPU
		Release|ARM = Release|ARM
		Release|ARM64 = Release|ARM64
		Release|x64 = Release|x64
		Release|x86 = Release|x86
	EndGlobalSection
	GlobalSection(ProjectConfigurationPlatforms) = postSolution
		{1AA82DAD-958B-4425-A4CF-F399E5028DD9}.Debug|Any CPU.ActiveCfg = Debug|Any CPU
		{1AA82DAD-958B-4425-A4CF-F399E5028DD9}.Debug|Any CPU.Build.0 = Debug|Any CPU
		{1AA82DAD-958B-4425-A4CF-F399E5028DD9}.Debug|ARM.ActiveCfg = Debug|Any CPU
		{1AA82DAD-958B-4425-A4CF-F399E5028DD9}.Debug|ARM.Build.0 = Debug|Any CPU
		{1AA82DAD-958B-4425-A4CF-F399E5028DD9}.Debug|ARM64.ActiveCfg = Debug|Any CPU
		{1AA82DAD-958B-4425-A4CF-F399E5028DD9}.Debug|ARM64.Build.0 = Debug|Any CPU
		{1AA82DAD-958B-4425-A4CF-F399E5028DD9}.Debug|x64.ActiveCfg = Debug|Any CPU
		{1AA82DAD-958B-4425-A4CF-F399E5028DD9}.Debug|x64.Build.0 = Debug|Any CPU
		{1AA82DAD-958B-4425-A4CF-F399E5028DD9}.Debug|x86.ActiveCfg = Debug|Any CPU
		{1AA82DAD-958B-4425-A4CF-F399E5028DD9}.Debug|x86.Build.0 = Debug|Any CPU
		{1AA82DAD-958B-4425-A4CF-F399E5028DD9}.Release|Any CPU.ActiveCfg = Release|Any CPU
		{1AA82DAD-958B-4425-A4CF-F399E5028DD9}.Release|Any CPU.Build.0 = Release|Any CPU
		{1AA82DAD-958B-4425-A4CF-F399E5028DD9}.Release|ARM.ActiveCfg = Release|Any CPU
		{1AA82DAD-958B-4425-A4CF-F399E5028DD9}.Release|ARM.Build.0 = Release|Any CPU
		{1AA82DAD-958B-4425-A4CF-F399E5028DD9}.Release|ARM64.ActiveCfg = Release|Any CPU
		{1AA82DAD-958B-4425-A4CF-F399E5028DD9}.Release|ARM64.Build.0 = Release|Any CPU
		{1AA82DAD-958B-4425-A4CF-F399E5028DD9}.Release|x64.ActiveCfg = Release|Any CPU
		{1AA82DAD-958B-4425-A4CF-F399E5028DD9}.Release|x64.Build.0 = Release|Any CPU
		{1AA82DAD-958B-4425-A4CF-F399E5028DD9}.Release|x86.ActiveCfg = Release|Any CPU
		{1AA82DAD-958B-4425-A4CF-F399E5028DD9}.Release|x86.Build.0 = Release|Any CPU
		{06288B8F-3526-4A91-9756-E3143DF9128A}.Debug|Any CPU.ActiveCfg = Debug|Any CPU
		{06288B8F-3526-4A91-9756-E3143DF9128A}.Debug|Any CPU.Build.0 = Debug|Any CPU
		{06288B8F-3526-4A91-9756-E3143DF9128A}.Debug|Any CPU.Deploy.0 = Debug|Any CPU
		{06288B8F-3526-4A91-9756-E3143DF9128A}.Debug|ARM.ActiveCfg = Debug|ARM
		{06288B8F-3526-4A91-9756-E3143DF9128A}.Debug|ARM.Build.0 = Debug|ARM
		{06288B8F-3526-4A91-9756-E3143DF9128A}.Debug|ARM.Deploy.0 = Debug|ARM
		{06288B8F-3526-4A91-9756-E3143DF9128A}.Debug|ARM64.ActiveCfg = Debug|ARM64
		{06288B8F-3526-4A91-9756-E3143DF9128A}.Debug|ARM64.Build.0 = Debug|ARM64
		{06288B8F-3526-4A91-9756-E3143DF9128A}.Debug|ARM64.Deploy.0 = Debug|ARM64
		{06288B8F-3526-4A91-9756-E3143DF9128A}.Debug|x64.ActiveCfg = Debug|x64
		{06288B8F-3526-4A91-9756-E3143DF9128A}.Debug|x64.Build.0 = Debug|x64
		{06288B8F-3526-4A91-9756-E3143DF9128A}.Debug|x64.Deploy.0 = Debug|x64
		{06288B8F-3526-4A91-9756-E3143DF9128A}.Debug|x86.ActiveCfg = Debug|x86
		{06288B8F-3526-4A91-9756-E3143DF9128A}.Debug|x86.Build.0 = Debug|x86
		{06288B8F-3526-4A91-9756-E3143DF9128A}.Debug|x86.Deploy.0 = Debug|x86
		{06288B8F-3526-4A91-9756-E3143DF9128A}.Release|Any CPU.ActiveCfg = Release|Any CPU
		{06288B8F-3526-4A91-9756-E3143DF9128A}.Release|Any CPU.Build.0 = Release|Any CPU
		{06288B8F-3526-4A91-9756-E3143DF9128A}.Release|Any CPU.Deploy.0 = Release|Any CPU
		{06288B8F-3526-4A91-9756-E3143DF9128A}.Release|ARM.ActiveCfg = Release|ARM
		{06288B8F-3526-4A91-9756-E3143DF9128A}.Release|ARM.Build.0 = Release|ARM
		{06288B8F-3526-4A91-9756-E3143DF9128A}.Release|ARM.Deploy.0 = Release|ARM
		{06288B8F-3526-4A91-9756-E3143DF9128A}.Release|ARM64.ActiveCfg = Release|ARM64
		{06288B8F-3526-4A91-9756-E3143DF9128A}.Release|ARM64.Build.0 = Release|ARM64
		{06288B8F-3526-4A91-9756-E3143DF9128A}.Release|ARM64.Deploy.0 = Release|ARM64
		{06288B8F-3526-4A91-9756-E3143DF9128A}.Release|x64.ActiveCfg = Release|x64
		{06288B8F-3526-4A91-9756-E3143DF9128A}.Release|x64.Build.0 = Release|x64
		{06288B8F-3526-4A91-9756-E3143DF9128A}.Release|x64.Deploy.0 = Release|x64
		{06288B8F-3526-4A91-9756-E3143DF9128A}.Release|x86.ActiveCfg = Release|x86
		{06288B8F-3526-4A91-9756-E3143DF9128A}.Release|x86.Build.0 = Release|x86
		{06288B8F-3526-4A91-9756-E3143DF9128A}.Release|x86.Deploy.0 = Release|x86
	EndGlobalSection
	GlobalSection(SolutionProperties) = preSolution
		HideSolutionNode = FALSE
	EndGlobalSection
	GlobalSection(ExtensibilityGlobals) = postSolution
		SolutionGuid = {D1B9B6FF-C4ED-4566-A051-CDDB5A0169FE}
	EndGlobalSection
EndGlobal
